
Microsoft Visual Studio Solution File, Format Version 12.00
# Visual Studio 14
VisualStudioVersion = 14.0.24720.0
MinimumVisualStudioVersion = 10.0.40219.1
Project("{FAE04EC0-301F-11D3-BF4B-00C04F79EFBC}") = "SisVentas", "SisVentas\SisVentas.csproj", "{4A7608FA-3509-4B6E-B7C3-750AC6AE958D}"
EndProject
Global
	GlobalSection(SolutionConfigurationPlatforms) = preSolution
		Debug|Any CPU = Debug|Any CPU
		Release|Any CPU = Release|Any CPU
	EndGlobalSection
	GlobalSection(ProjectConfigurationPlatforms) = postSolution
		{4A7608FA-3509-4B6E-B7C3-750AC6AE958D}.Debug|Any CPU.ActiveCfg = Debug|Any CPU
		{4A7608FA-3509-4B6E-B7C3-750AC6AE958D}.Debug|Any CPU.Build.0 = Debug|Any CPU
		{4A7608FA-3509-4B6E-B7C3-750AC6AE958D}.Release|Any CPU.ActiveCfg = Release|Any CPU
		{4A7608FA-3509-4B6E-B7C3-750AC6AE958D}.Release|Any CPU.Build.0 = Release|Any CPU
	EndGlobalSection
	GlobalSection(SolutionProperties) = preSolution
		HideSolutionNode = FALSE
	EndGlobalSection
EndGlobal
